
Microsoft Visual Studio Solution File, Format Version 12.00
# Visual Studio Version 16
VisualStudioVersion = 16.0.30309.148
MinimumVisualStudioVersion = 10.0.40219.1
Project("{FAE04EC0-301F-11D3-BF4B-00C04F79EFBC}") = "LeaveManagement", "LeaveManagement\LeaveManagement.csproj", "{45C20F54-E861-4BF1-BAE4-86019EEB9CA5}"
EndProject
Global
	GlobalSection(SolutionConfigurationPlatforms) = preSolution
		Debug|Any CPU = Debug|Any CPU
		Release|Any CPU = Release|Any CPU
	EndGlobalSection
	GlobalSection(ProjectConfigurationPlatforms) = postSolution
		{45C20F54-E861-4BF1-BAE4-86019EEB9CA5}.Debug|Any CPU.ActiveCfg = Debug|Any CPU
		{45C20F54-E861-4BF1-BAE4-86019EEB9CA5}.Debug|Any CPU.Build.0 = Debug|Any CPU
		{45C20F54-E861-4BF1-BAE4-86019EEB9CA5}.Release|Any CPU.ActiveCfg = Release|Any CPU
		{45C20F54-E861-4BF1-BAE4-86019EEB9CA5}.Release|Any CPU.Build.0 = Release|Any CPU
	EndGlobalSection
	GlobalSection(SolutionProperties) = preSolution
		HideSolutionNode = FALSE
	EndGlobalSection
	GlobalSection(ExtensibilityGlobals) = postSolution
		SolutionGuid = {3811F366-0170-49EF-83D9-A65520FA19A0}
	EndGlobalSection
EndGlobal
